
Microsoft Visual Studio Solution File, Format Version 12.00
# Visual Studio Version 16
VisualStudioVersion = 16.0.30320.27
MinimumVisualStudioVersion = 10.0.40219.1
Project("{9A19103F-16F7-4668-BE54-9A1E7A4F7556}") = "TradeSave", "TradeSave\TradeSave.csproj", "{075170D7-2A87-4ACC-87FC-066B7FE678CB}"
EndProject
Global
	GlobalSection(SolutionConfigurationPlatforms) = preSolution
		Debug|Any CPU = Debug|Any CPU
		Release|Any CPU = Release|Any CPU
	EndGlobalSection
	GlobalSection(ProjectConfigurationPlatforms) = postSolution
		{075170D7-2A87-4ACC-87FC-066B7FE678CB}.Debug|Any CPU.ActiveCfg = Debug|Any CPU
		{075170D7-2A87-4ACC-87FC-066B7FE678CB}.Debug|Any CPU.Build.0 = Debug|Any CPU
		{075170D7-2A87-4ACC-87FC-066B7FE678CB}.Release|Any CPU.ActiveCfg = Release|Any CPU
		{075170D7-2A87-4ACC-87FC-066B7FE678CB}.Release|Any CPU.Build.0 = Release|Any CPU
	EndGlobalSection
	GlobalSection(SolutionProperties) = preSolution
		HideSolutionNode = FALSE
	EndGlobalSection
	GlobalSection(ExtensibilityGlobals) = postSolution
		SolutionGuid = {0116EF96-6AE5-4BBC-A6E6-DE795255026E}
	EndGlobalSection
	GlobalSection(TeamFoundationVersionControl) = preSolution
		SccNumberOfProjects = 2
		SccEnterpriseProvider = {4CA58AB2-18FA-4F8D-95D4-32DDF27D184C}
		SccTeamFoundationServer = https://dev.azure.com/mohamedmajed404
		SccLocalPath0 = .
		SccProjectUniqueName1 = TradeSave\\TradeSave.csproj
		SccProjectName1 = TradeSave
		SccLocalPath1 = TradeSave
	EndGlobalSection
EndGlobal
